
Microsoft Visual Studio Solution File, Format Version 12.00
# Visual Studio Version 16
VisualStudioVersion = 16.0.30804.86
MinimumVisualStudioVersion = 10.0.40219.1
Project("{FAE04EC0-301F-11D3-BF4B-00C04F79EFBC}") = "Polymorphism", "Polymorphism.csproj", "{169D1E02-316F-4F33-B5BB-39ABBCAD7E0E}"
EndProject
Global
	GlobalSection(SolutionConfigurationPlatforms) = preSolution
		Debug|Any CPU = Debug|Any CPU
		Release|Any CPU = Release|Any CPU
	EndGlobalSection
	GlobalSection(ProjectConfigurationPlatforms) = postSolution
		{169D1E02-316F-4F33-B5BB-39ABBCAD7E0E}.Debug|Any CPU.ActiveCfg = Debug|Any CPU
		{169D1E02-316F-4F33-B5BB-39ABBCAD7E0E}.Debug|Any CPU.Build.0 = Debug|Any CPU
		{169D1E02-316F-4F33-B5BB-39ABBCAD7E0E}.Release|Any CPU.ActiveCfg = Release|Any CPU
		{169D1E02-316F-4F33-B5BB-39ABBCAD7E0E}.Release|Any CPU.Build.0 = Release|Any CPU
	EndGlobalSection
	GlobalSection(SolutionProperties) = preSolution
		HideSolutionNode = FALSE
	EndGlobalSection
	GlobalSection(ExtensibilityGlobals) = postSolution
		SolutionGuid = {6DBDB112-E4F9-427A-9C9B-92DAAF8EAC5A}
	EndGlobalSection
EndGlobal
